
Microsoft Visual Studio Solution File, Format Version 12.00
# Visual Studio Version 16
VisualStudioVersion = 16.0.30907.101
MinimumVisualStudioVersion = 10.0.40219.1
Project("{FAE04EC0-301F-11D3-BF4B-00C04F79EFBC}") = "chess", "chess.csproj", "{284419B3-E9CF-4430-B1D8-642B88217D56}"
EndProject
Global
	GlobalSection(SolutionConfigurationPlatforms) = preSolution
		Debug|Any CPU = Debug|Any CPU
		Release|Any CPU = Release|Any CPU
	EndGlobalSection
	GlobalSection(ProjectConfigurationPlatforms) = postSolution
		{284419B3-E9CF-4430-B1D8-642B88217D56}.Debug|Any CPU.ActiveCfg = Debug|Any CPU
		{284419B3-E9CF-4430-B1D8-642B88217D56}.Debug|Any CPU.Build.0 = Debug|Any CPU
		{284419B3-E9CF-4430-B1D8-642B88217D56}.Release|Any CPU.ActiveCfg = Release|Any CPU
		{284419B3-E9CF-4430-B1D8-642B88217D56}.Release|Any CPU.Build.0 = Release|Any CPU
	EndGlobalSection
	GlobalSection(SolutionProperties) = preSolution
		HideSolutionNode = FALSE
	EndGlobalSection
	GlobalSection(ExtensibilityGlobals) = postSolution
		SolutionGuid = {059E464A-DD31-40A5-86D3-5724A698894C}
	EndGlobalSection
EndGlobal
